Microsoft Visual Studio Solution File, Format Version 11.00
# Visual Studio 2008

Project("{6E35929F-957E-7EA5-5B3B-40DF8872DD47}") = "Tiny Train", "Assembly-CSharp-firstpass-vs.csproj", "{BC6C2C13-999B-E936-FDF4-628AF5537790}"
EndProject
Project("{6E35929F-957E-7EA5-5B3B-40DF8872DD47}") = "Tiny Train", "Assembly-CSharp-vs.csproj", "{76E14221-6C8B-8096-6F07-212910563F87}"
EndProject
Project("{6E35929F-957E-7EA5-5B3B-40DF8872DD47}") = "Tiny Train", "Assembly-CSharp-Editor-vs.csproj", "{AEAB1358-6956-C418-14C0-5C7AAD827F66}"
EndProject
Global
	GlobalSection(SolutionConfigurationPlatforms) = preSolution
		Debug|Any CPU = Debug|Any CPU
		Release|Any CPU = Release|Any CPU
	EndGlobalSection
	GlobalSection(ProjectConfigurationPlatforms) = postSolution
		{BC6C2C13-999B-E936-FDF4-628AF5537790}.Debug|Any CPU.ActiveCfg = Debug|Any CPU
		{BC6C2C13-999B-E936-FDF4-628AF5537790}.Debug|Any CPU.Build.0 = Debug|Any CPU
		{BC6C2C13-999B-E936-FDF4-628AF5537790}.Release|Any CPU.ActiveCfg = Release|Any CPU
		{BC6C2C13-999B-E936-FDF4-628AF5537790}.Release|Any CPU.Build.0 = Release|Any CPU
		{76E14221-6C8B-8096-6F07-212910563F87}.Debug|Any CPU.ActiveCfg = Debug|Any CPU
		{76E14221-6C8B-8096-6F07-212910563F87}.Debug|Any CPU.Build.0 = Debug|Any CPU
		{76E14221-6C8B-8096-6F07-212910563F87}.Release|Any CPU.ActiveCfg = Release|Any CPU
		{76E14221-6C8B-8096-6F07-212910563F87}.Release|Any CPU.Build.0 = Release|Any CPU
		{AEAB1358-6956-C418-14C0-5C7AAD827F66}.Debug|Any CPU.ActiveCfg = Debug|Any CPU
		{AEAB1358-6956-C418-14C0-5C7AAD827F66}.Debug|Any CPU.Build.0 = Debug|Any CPU
		{AEAB1358-6956-C418-14C0-5C7AAD827F66}.Release|Any CPU.ActiveCfg = Release|Any CPU
		{AEAB1358-6956-C418-14C0-5C7AAD827F66}.Release|Any CPU.Build.0 = Release|Any CPU
	EndGlobalSection
	GlobalSection(SolutionProperties) = preSolution
		HideSolutionNode = FALSE
	EndGlobalSection
																																																																																																																																																						GlobalSection(MonoDevelopProperties) = preSolution
		StartupItem = Assembly-CSharp.csproj
		Policies = $0
		$0.TextStylePolicy = $1
		$1.inheritsSet = null
		$1.scope = text/x-csharp
		$0.CSharpFormattingPolicy = $2
		$2.inheritsSet = Mono
		$2.inheritsScope = text/x-csharp
		$2.scope = text/x-csharp
		$0.TextStylePolicy = $3
		$3.FileWidth = 120
		$3.TabWidth = 4
		$3.EolMarker = Unix
		$3.inheritsSet = Mono
		$3.inheritsScope = text/plain
		$3.scope = text/plain
	EndGlobalSection

EndGlobal
